PODS:
  - Alamofire (5.8.1)
  - BetterSegmentedControl (2.0.1)
  - IQKeyboardManagerSwift (6.5.16)
  - KeychainAccess (4.2.2)
  - Parchment (3.2.0)
  - SDWebImage (5.18.3):
    - SDWebImage/Core (= 5.18.3)
  - SDWebImage/Core (5.18.3)
  - Swinject (2.8.3)

DEPENDENCIES:
  - Alamofire
  - BetterSegmentedControl (~> 2.0)
  - IQKeyboardManagerSwift
  - KeychainAccess
  - Parchment (~> 3.2)
  - SDWebImage (~> 5.0)
  - Swinject

SPEC REPOS:
  trunk:
    - Alamofire
    - BetterSegmentedControl
    - IQKeyboardManagerSwift
    - KeychainAccess
    - Parchment
    - SDWebImage
    - Swinject

SPEC CHECKSUMS:
  Alamofire: 3ca42e259043ee0dc5c0cdd76c4bc568b8e42af7
  BetterSegmentedControl: 09607b27861d49cbce48b7673b74f9150a3d371a
  IQKeyboardManagerSwift: 12d89768845bb77b55cc092ecc2b1f9370f06b76
  KeychainAccess: c0c4f7f38f6fc7bbe58f5702e25f7bd2f65abf51
  Parchment: a43c440b22c8a60f7e0196b74339446d4d1d18ea
  SDWebImage: 96e0c18ef14010b7485210e92fac888587ebb958
  Swinject: 893c9a543000ac2f10ee4cbaf0933c6992c935d5

PODFILE CHECKSUM: 41e90591955bb58220779dc2f9d7d34fd3f5ae8b

COCOAPODS: 1.13.0
