// !$*UTF8*$!
{
	archiveVersion = 1;
	classes = {
	};
	objectVersion = 56;
	objects = {

/* Begin PBXBuildFile section */
		1ECFE0B238D16A8A865A0FEF /* Pods_PharmaAppTests.framework in Frameworks */ = {isa = PBXBuildFile; fileRef = D52BF5613CBCC4F554855975 /* Pods_PharmaAppTests.framework */; };
		399816FAC58ABEFB72AD7E7C /* Pods_PharmaApp.framework in Frameworks */ = {isa = PBXBuildFile; fileRef = B44F0758A2EF4A4D40997EBD /* Pods_PharmaApp.framework */; };
		6542BBF87F376CA833BC12A6 /* Pods_PharmaApp_PharmaAppUITests.framework in Frameworks */ = {isa = PBXBuildFile; fileRef = 648C52B26CEB69F90CFBABCD /* Pods_PharmaApp_PharmaAppUITests.framework */; };
		FFBF8F192AF94C380064D3BD /* AppDelegate.swift in Sources */ = {isa = PBXBuildFile; fileRef = FFBF8F182AF94C380064D3BD /* AppDelegate.swift */; };
		FFBF8F1B2AF94C380064D3BD /* SceneDelegate.swift in Sources */ = {isa = PBXBuildFile; fileRef = FFBF8F1A2AF94C380064D3BD /* SceneDelegate.swift */; };
		FFBF8F232AF94C380064D3BD /* PharmaApp.xcdatamodeld in Sources */ = {isa = PBXBuildFile; fileRef = FFBF8F212AF94C380064D3BD /* PharmaApp.xcdatamodeld */; };
		FFBF8F252AF94C3B0064D3BD /* Assets.xcassets in Resources */ = {isa = PBXBuildFile; fileRef = FFBF8F242AF94C3B0064D3BD /* Assets.xcassets */; };
		FFBF8F282AF94C3B0064D3BD /* LaunchScreen.storyboard in Resources */ = {isa = PBXBuildFile; fileRef = FFBF8F262AF94C3B0064D3BD /* LaunchScreen.storyboard */; };
		FFBF8F332AF94C3B0064D3BD /* PharmaAppTests.swift in Sources */ = {isa = PBXBuildFile; fileRef = FFBF8F322AF94C3B0064D3BD /* PharmaAppTests.swift */; };
		FFBF8F3D2AF94C3B0064D3BD /* PharmaAppUITests.swift in Sources */ = {isa = PBXBuildFile; fileRef = FFBF8F3C2AF94C3B0064D3BD /* PharmaAppUITests.swift */; };
		FFBF8F3F2AF94C3B0064D3BD /* PharmaAppUITestsLaunchTests.swift in Sources */ = {isa = PBXBuildFile; fileRef = FFBF8F3E2AF94C3B0064D3BD /* PharmaAppUITestsLaunchTests.swift */; };
		FFBF8F632AF953B90064D3BD /* LaunchScreenViewController.swift in Sources */ = {isa = PBXBuildFile; fileRef = FFBF8F612AF953B90064D3BD /* LaunchScreenViewController.swift */; };
		FFBF8F642AF953B90064D3BD /* LaunchScreenViewModel.swift in Sources */ = {isa = PBXBuildFile; fileRef = FFBF8F622AF953B90064D3BD /* LaunchScreenViewModel.swift */; };
		FFBF8F672AF9556E0064D3BD /* Injector.swift in Sources */ = {isa = PBXBuildFile; fileRef = FFBF8F662AF9556E0064D3BD /* Injector.swift */; };
		FFBF8F692AF955C10064D3BD /* AppDIContainer.swift in Sources */ = {isa = PBXBuildFile; fileRef = FFBF8F682AF955C10064D3BD /* AppDIContainer.swift */; };
		FFBF8F6B2AF956670064D3BD /* AppFlowCoordinator.swift in Sources */ = {isa = PBXBuildFile; fileRef = FFBF8F6A2AF956670064D3BD /* AppFlowCoordinator.swift */; };
		FFBF8F712AF95AC00064D3BD /* UIApplication+Extension.swift in Sources */ = {isa = PBXBuildFile; fileRef = FFBF8F702AF95AC00064D3BD /* UIApplication+Extension.swift */; };
		FFBF8F752AF95C7B0064D3BD /* NavigationBar.swift in Sources */ = {isa = PBXBuildFile; fileRef = FFBF8F742AF95C7B0064D3BD /* NavigationBar.swift */; };
		FFBF8F7A2AFB520E0064D3BD /* LoginViewController.swift in Sources */ = {isa = PBXBuildFile; fileRef = FFBF8F782AFB520E0064D3BD /* LoginViewController.swift */; };
		FFBF8F7B2AFB520E0064D3BD /* LoginViewModel.swift in Sources */ = {isa = PBXBuildFile; fileRef = FFBF8F792AFB520E0064D3BD /* LoginViewModel.swift */; };
		FFBF8F7E2AFB52390064D3BD /* RegisterViewController.swift in Sources */ = {isa = PBXBuildFile; fileRef = FFBF8F7C2AFB52390064D3BD /* RegisterViewController.swift */; };
		FFBF8F7F2AFB52390064D3BD /* RegisterViewModel.swift in Sources */ = {isa = PBXBuildFile; fileRef = FFBF8F7D2AFB52390064D3BD /* RegisterViewModel.swift */; };
		FFBF8F822AFB525F0064D3BD /* HomeViewController.swift in Sources */ = {isa = PBXBuildFile; fileRef = FFBF8F802AFB525F0064D3BD /* HomeViewController.swift */; };
		FFBF8F832AFB525F0064D3BD /* HomeViewModel.swift in Sources */ = {isa = PBXBuildFile; fileRef = FFBF8F812AFB525F0064D3BD /* HomeViewModel.swift */; };
		FFBF8F872AFB537B0064D3BD /* UIViewController+Extension.swift in Sources */ = {isa = PBXBuildFile; fileRef = FFBF8F862AFB537B0064D3BD /* UIViewController+Extension.swift */; };
		FFBF8F8A2AFB557C0064D3BD /* LaunchPadController.swift in Sources */ = {isa = PBXBuildFile; fileRef = FFBF8F882AFB557C0064D3BD /* LaunchPadController.swift */; };
		FFBF8F8B2AFB557C0064D3BD /* LaunchPadViewModel.swift in Sources */ = {isa = PBXBuildFile; fileRef = FFBF8F892AFB557C0064D3BD /* LaunchPadViewModel.swift */; };
		FFBF8F8E2AFB560F0064D3BD /* SideBarView.swift in Sources */ = {isa = PBXBuildFile; fileRef = FFBF8F8D2AFB560F0064D3BD /* SideBarView.swift */; };
		FFBF8F942AFBAD490064D3BD /* Gilroy-Light.ttf in Resources */ = {isa = PBXBuildFile; fileRef = FFBF8F902AFBAD490064D3BD /* Gilroy-Light.ttf */; };
		FFBF8F952AFBAD490064D3BD /* Gilroy-Regular.ttf in Resources */ = {isa = PBXBuildFile; fileRef = FFBF8F912AFBAD490064D3BD /* Gilroy-Regular.ttf */; };
		FFBF8F962AFBAD490064D3BD /* Gilroy-Bold.ttf in Resources */ = {isa = PBXBuildFile; fileRef = FFBF8F922AFBAD490064D3BD /* Gilroy-Bold.ttf */; };
		FFBF8F972AFBAD490064D3BD /* Gilroy-SemiBold.ttf in Resources */ = {isa = PBXBuildFile; fileRef = FFBF8F932AFBAD490064D3BD /* Gilroy-SemiBold.ttf */; };
		FFBF8F992AFBAD8E0064D3BD /* UIFont+Extension.swift in Sources */ = {isa = PBXBuildFile; fileRef = FFBF8F982AFBAD8E0064D3BD /* UIFont+Extension.swift */; };
		FFBF8F9B2AFBAEC10064D3BD /* Button.swift in Sources */ = {isa = PBXBuildFile; fileRef = FFBF8F9A2AFBAEC10064D3BD /* Button.swift */; };
		FFBF8F9D2AFBB22E0064D3BD /* UIView+Extension.swift in Sources */ = {isa = PBXBuildFile; fileRef = FFBF8F9C2AFBB22E0064D3BD /* UIView+Extension.swift */; };
		FFD55A952AFBBC3A008226ED /* UILabel+Extension.swift in Sources */ = {isa = PBXBuildFile; fileRef = FFD55A942AFBBC3A008226ED /* UILabel+Extension.swift */; };
		FFD55A972AFBBED7008226ED /* Label.swift in Sources */ = {isa = PBXBuildFile; fileRef = FFD55A962AFBBED7008226ED /* Label.swift */; };
		FFD55A9A2AFBCCDC008226ED /* AccountViewController.swift in Sources */ = {isa = PBXBuildFile; fileRef = FFD55A982AFBCCDC008226ED /* AccountViewController.swift */; };
		FFD55A9B2AFBCCDC008226ED /* AccountViewModel.swift in Sources */ = {isa = PBXBuildFile; fileRef = FFD55A992AFBCCDC008226ED /* AccountViewModel.swift */; };
		FFD55A9D2AFBD024008226ED /* UINavigationController+Extension.swift in Sources */ = {isa = PBXBuildFile; fileRef = FFD55A9C2AFBD024008226ED /* UINavigationController+Extension.swift */; };
		FFD8C3F62AFD42EB004B98DD /* WelcomeContainerView.swift in Sources */ = {isa = PBXBuildFile; fileRef = FFD8C3F52AFD42EB004B98DD /* WelcomeContainerView.swift */; };
		FFE51A6D2AFC998F004132A5 /* TextFieldView.swift in Sources */ = {isa = PBXBuildFile; fileRef = FFE51A6C2AFC998F004132A5 /* TextFieldView.swift */; };
		FFE51A722AFCA618004132A5 /* ProfileViewController.swift in Sources */ = {isa = PBXBuildFile; fileRef = FFE51A712AFCA618004132A5 /* ProfileViewController.swift */; };
		FFE51A742AFCA7D4004132A5 /* SettingViewController.swift in Sources */ = {isa = PBXBuildFile; fileRef = FFE51A732AFCA7D4004132A5 /* SettingViewController.swift */; };
		FFE51A762AFCB075004132A5 /* NSNotification+Extension.swift in Sources */ = {isa = PBXBuildFile; fileRef = FFE51A752AFCB075004132A5 /* NSNotification+Extension.swift */; };
		FFE51A7B2AFCD851004132A5 /* ProfileContainerView.swift in Sources */ = {isa = PBXBuildFile; fileRef = FFE51A7A2AFCD851004132A5 /* ProfileContainerView.swift */; };
		FFE51A7D2AFCD885004132A5 /* UserInfoView.swift in Sources */ = {isa = PBXBuildFile; fileRef = FFE51A7C2AFCD885004132A5 /* UserInfoView.swift */; };
		FFE51A7F2AFCDBA5004132A5 /* UserInfoCardView.swift in Sources */ = {isa = PBXBuildFile; fileRef = FFE51A7E2AFCDBA5004132A5 /* UserInfoCardView.swift */; };
		FFE51A812AFCDE19004132A5 /* InputFormView.swift in Sources */ = {isa = PBXBuildFile; fileRef = FFE51A802AFCDE19004132A5 /* InputFormView.swift */; };
		FFE51A832AFD3C47004132A5 /* UITapGestureRecognizer+Extension.swift in Sources */ = {isa = PBXBuildFile; fileRef = FFE51A822AFD3C47004132A5 /* UITapGestureRecognizer+Extension.swift */; };
/* End PBXBuildFile section */

/* Begin PBXContainerItemProxy section */
		FFBF8F2F2AF94C3B0064D3BD /* PBXContainerItemProxy */ = {
			isa = PBXContainerItemProxy;
			containerPortal = FFBF8F0D2AF94C380064D3BD /* Project object */;
			proxyType = 1;
			remoteGlobalIDString = FFBF8F142AF94C380064D3BD;
			remoteInfo = PharmaApp;
		};
		FFBF8F392AF94C3B0064D3BD /* PBXContainerItemProxy */ = {
			isa = PBXContainerItemProxy;
			containerPortal = FFBF8F0D2AF94C380064D3BD /* Project object */;
			proxyType = 1;
			remoteGlobalIDString = FFBF8F142AF94C380064D3BD;
			remoteInfo = PharmaApp;
		};
/* End PBXContainerItemProxy section */

/* Begin PBXFileReference section */
		0A1E0A939B5046E6FF7028B2 /* Pods-PharmaAppTests.staging.xcconfig */ = {isa = PBXFileReference; includeInIndex = 1; lastKnownFileType = text.xcconfig; name = "Pods-PharmaAppTests.staging.xcconfig"; path = "Target Support Files/Pods-PharmaAppTests/Pods-PharmaAppTests.staging.xcconfig"; sourceTree = "<group>"; };
		229453F5FEF30F010F2748D6 /* Pods-PharmaAppTests.development.xcconfig */ = {isa = PBXFileReference; includeInIndex = 1; lastKnownFileType = text.xcconfig; name = "Pods-PharmaAppTests.development.xcconfig"; path = "Target Support Files/Pods-PharmaAppTests/Pods-PharmaAppTests.development.xcconfig"; sourceTree = "<group>"; };
		4E208E55910F46146DD79B8F /* Pods-PharmaAppTests.production.xcconfig */ = {isa = PBXFileReference; includeInIndex = 1; lastKnownFileType = text.xcconfig; name = "Pods-PharmaAppTests.production.xcconfig"; path = "Target Support Files/Pods-PharmaAppTests/Pods-PharmaAppTests.production.xcconfig"; sourceTree = "<group>"; };
		648C52B26CEB69F90CFBABCD /* Pods_PharmaApp_PharmaAppUITests.framework */ = {isa = PBXFileReference; explicitFileType = wrapper.framework; includeInIndex = 0; path = Pods_PharmaApp_PharmaAppUITests.framework; sourceTree = BUILT_PRODUCTS_DIR; };
		8CF676C758367677B987983E /* Pods-PharmaApp-PharmaAppUITests.staging.xcconfig */ = {isa = PBXFileReference; includeInIndex = 1; lastKnownFileType = text.xcconfig; name = "Pods-PharmaApp-PharmaAppUITests.staging.xcconfig"; path = "Target Support Files/Pods-PharmaApp-PharmaAppUITests/Pods-PharmaApp-PharmaAppUITests.staging.xcconfig"; sourceTree = "<group>"; };
		94A00348F0A821612E2C6C84 /* Pods-PharmaApp.development.xcconfig */ = {isa = PBXFileReference; includeInIndex = 1; lastKnownFileType = text.xcconfig; name = "Pods-PharmaApp.development.xcconfig"; path = "Target Support Files/Pods-PharmaApp/Pods-PharmaApp.development.xcconfig"; sourceTree = "<group>"; };
		B44F0758A2EF4A4D40997EBD /* Pods_PharmaApp.framework */ = {isa = PBXFileReference; explicitFileType = wrapper.framework; includeInIndex = 0; path = Pods_PharmaApp.framework; sourceTree = BUILT_PRODUCTS_DIR; };
		B5107E06139957FB50699B75 /* Pods-PharmaApp-PharmaAppUITests.development.xcconfig */ = {isa = PBXFileReference; includeInIndex = 1; lastKnownFileType = text.xcconfig; name = "Pods-PharmaApp-PharmaAppUITests.development.xcconfig"; path = "Target Support Files/Pods-PharmaApp-PharmaAppUITests/Pods-PharmaApp-PharmaAppUITests.development.xcconfig"; sourceTree = "<group>"; };
		C65D2F1F87B1AA89C0F437C4 /* Pods-PharmaApp.staging.xcconfig */ = {isa = PBXFileReference; includeInIndex = 1; lastKnownFileType = text.xcconfig; name = "Pods-PharmaApp.staging.xcconfig"; path = "Target Support Files/Pods-PharmaApp/Pods-PharmaApp.staging.xcconfig"; sourceTree = "<group>"; };
		CAD584B3A6F798CE7EB3BB40 /* Pods-PharmaApp-PharmaAppUITests.production.xcconfig */ = {isa = PBXFileReference; includeInIndex = 1; lastKnownFileType = text.xcconfig; name = "Pods-PharmaApp-PharmaAppUITests.production.xcconfig"; path = "Target Support Files/Pods-PharmaApp-PharmaAppUITests/Pods-PharmaApp-PharmaAppUITests.production.xcconfig"; sourceTree = "<group>"; };
		D52BF5613CBCC4F554855975 /* Pods_PharmaAppTests.framework */ = {isa = PBXFileReference; explicitFileType = wrapper.framework; includeInIndex = 0; path = Pods_PharmaAppTests.framework; sourceTree = BUILT_PRODUCTS_DIR; };
		DFEFE0C2AB5877ADD43C568E /* Pods-PharmaApp.production.xcconfig */ = {isa = PBXFileReference; includeInIndex = 1; lastKnownFileType = text.xcconfig; name = "Pods-PharmaApp.production.xcconfig"; path = "Target Support Files/Pods-PharmaApp/Pods-PharmaApp.production.xcconfig"; sourceTree = "<group>"; };
		FFBF8F152AF94C380064D3BD /* PharmaApp Dev.app */ = {isa = PBXFileReference; explicitFileType = wrapper.application; includeInIndex = 0; path = "PharmaApp Dev.app"; sourceTree = BUILT_PRODUCTS_DIR; };
		FFBF8F182AF94C380064D3BD /* AppDelegate.swift */ = {isa = PBXFileReference; lastKnownFileType = sourcecode.swift; path = AppDelegate.swift; sourceTree = "<group>"; };
		FFBF8F1A2AF94C380064D3BD /* SceneDelegate.swift */ = {isa = PBXFileReference; lastKnownFileType = sourcecode.swift; path = SceneDelegate.swift; sourceTree = "<group>"; };
		FFBF8F222AF94C380064D3BD /* PharmaApp.xcdatamodel */ = {isa = PBXFileReference; lastKnownFileType = wrapper.xcdatamodel; path = PharmaApp.xcdatamodel; sourceTree = "<group>"; };
		FFBF8F242AF94C3B0064D3BD /* Assets.xcassets */ = {isa = PBXFileReference; lastKnownFileType = folder.assetcatalog; path = Assets.xcassets; sourceTree = "<group>"; };
		FFBF8F272AF94C3B0064D3BD /* Base */ = {isa = PBXFileReference; lastKnownFileType = file.storyboard; name = Base; path = Base.lproj/LaunchScreen.storyboard; sourceTree = "<group>"; };
		FFBF8F292AF94C3B0064D3BD /* Info.plist */ = {isa = PBXFileReference; lastKnownFileType = text.plist.xml; path = Info.plist; sourceTree = "<group>"; };
		FFBF8F2E2AF94C3B0064D3BD /* PharmaAppTests.xctest */ = {isa = PBXFileReference; explicitFileType = wrapper.cfbundle; includeInIndex = 0; path = PharmaAppTests.xctest; sourceTree = BUILT_PRODUCTS_DIR; };
		FFBF8F322AF94C3B0064D3BD /* PharmaAppTests.swift */ = {isa = PBXFileReference; lastKnownFileType = sourcecode.swift; path = PharmaAppTests.swift; sourceTree = "<group>"; };
		FFBF8F382AF94C3B0064D3BD /* PharmaAppUITests.xctest */ = {isa = PBXFileReference; explicitFileType = wrapper.cfbundle; includeInIndex = 0; path = PharmaAppUITests.xctest; sourceTree = BUILT_PRODUCTS_DIR; };
		FFBF8F3C2AF94C3B0064D3BD /* PharmaAppUITests.swift */ = {isa = PBXFileReference; lastKnownFileType = sourcecode.swift; path = PharmaAppUITests.swift; sourceTree = "<group>"; };
		FFBF8F3E2AF94C3B0064D3BD /* PharmaAppUITestsLaunchTests.swift */ = {isa = PBXFileReference; lastKnownFileType = sourcecode.swift; path = PharmaAppUITestsLaunchTests.swift; sourceTree = "<group>"; };
		FFBF8F612AF953B90064D3BD /* LaunchScreenViewController.swift */ = {isa = PBXFileReference; lastKnownFileType = sourcecode.swift; path = LaunchScreenViewController.swift; sourceTree = "<group>"; };
		FFBF8F622AF953B90064D3BD /* LaunchScreenViewModel.swift */ = {isa = PBXFileReference; lastKnownFileType = sourcecode.swift; path = LaunchScreenViewModel.swift; sourceTree = "<group>"; };
		FFBF8F662AF9556E0064D3BD /* Injector.swift */ = {isa = PBXFileReference; lastKnownFileType = sourcecode.swift; path = Injector.swift; sourceTree = "<group>"; };
		FFBF8F682AF955C10064D3BD /* AppDIContainer.swift */ = {isa = PBXFileReference; lastKnownFileType = sourcecode.swift; path = AppDIContainer.swift; sourceTree = "<group>"; };
		FFBF8F6A2AF956670064D3BD /* AppFlowCoordinator.swift */ = {isa = PBXFileReference; lastKnownFileType = sourcecode.swift; path = AppFlowCoordinator.swift; sourceTree = "<group>"; };
		FFBF8F702AF95AC00064D3BD /* UIApplication+Extension.swift */ = {isa = PBXFileReference; lastKnownFileType = sourcecode.swift; path = "UIApplication+Extension.swift"; sourceTree = "<group>"; };
		FFBF8F742AF95C7B0064D3BD /* NavigationBar.swift */ = {isa = PBXFileReference; lastKnownFileType = sourcecode.swift; path = NavigationBar.swift; sourceTree = "<group>"; };
		FFBF8F782AFB520E0064D3BD /* LoginViewController.swift */ = {isa = PBXFileReference; lastKnownFileType = sourcecode.swift; path = LoginViewController.swift; sourceTree = "<group>"; };
		FFBF8F792AFB520E0064D3BD /* LoginViewModel.swift */ = {isa = PBXFileReference; lastKnownFileType = sourcecode.swift; path = LoginViewModel.swift; sourceTree = "<group>"; };
		FFBF8F7C2AFB52390064D3BD /* RegisterViewController.swift */ = {isa = PBXFileReference; lastKnownFileType = sourcecode.swift; path = RegisterViewController.swift; sourceTree = "<group>"; };
		FFBF8F7D2AFB52390064D3BD /* RegisterViewModel.swift */ = {isa = PBXFileReference; lastKnownFileType = sourcecode.swift; path = RegisterViewModel.swift; sourceTree = "<group>"; };
		FFBF8F802AFB525F0064D3BD /* HomeViewController.swift */ = {isa = PBXFileReference; lastKnownFileType = sourcecode.swift; path = HomeViewController.swift; sourceTree = "<group>"; };
		FFBF8F812AFB525F0064D3BD /* HomeViewModel.swift */ = {isa = PBXFileReference; lastKnownFileType = sourcecode.swift; path = HomeViewModel.swift; sourceTree = "<group>"; };
		FFBF8F862AFB537B0064D3BD /* UIViewController+Extension.swift */ = {isa = PBXFileReference; lastKnownFileType = sourcecode.swift; path = "UIViewController+Extension.swift"; sourceTree = "<group>"; };
		FFBF8F882AFB557C0064D3BD /* LaunchPadController.swift */ = {isa = PBXFileReference; lastKnownFileType = sourcecode.swift; path = LaunchPadController.swift; sourceTree = "<group>"; };
		FFBF8F892AFB557C0064D3BD /* LaunchPadViewModel.swift */ = {isa = PBXFileReference; lastKnownFileType = sourcecode.swift; path = LaunchPadViewModel.swift; sourceTree = "<group>"; };
		FFBF8F8D2AFB560F0064D3BD /* SideBarView.swift */ = {isa = PBXFileReference; lastKnownFileType = sourcecode.swift; path = SideBarView.swift; sourceTree = "<group>"; };
		FFBF8F902AFBAD490064D3BD /* Gilroy-Light.ttf */ = {isa = PBXFileReference; lastKnownFileType = file; path = "Gilroy-Light.ttf"; sourceTree = "<group>"; };
		FFBF8F912AFBAD490064D3BD /* Gilroy-Regular.ttf */ = {isa = PBXFileReference; lastKnownFileType = file; path = "Gilroy-Regular.ttf"; sourceTree = "<group>"; };
		FFBF8F922AFBAD490064D3BD /* Gilroy-Bold.ttf */ = {isa = PBXFileReference; lastKnownFileType = file; path = "Gilroy-Bold.ttf"; sourceTree = "<group>"; };
		FFBF8F932AFBAD490064D3BD /* Gilroy-SemiBold.ttf */ = {isa = PBXFileReference; lastKnownFileType = file; path = "Gilroy-SemiBold.ttf"; sourceTree = "<group>"; };
		FFBF8F982AFBAD8E0064D3BD /* UIFont+Extension.swift */ = {isa = PBXFileReference; lastKnownFileType = sourcecode.swift; path = "UIFont+Extension.swift"; sourceTree = "<group>"; };
		FFBF8F9A2AFBAEC10064D3BD /* Button.swift */ = {isa = PBXFileReference; lastKnownFileType = sourcecode.swift; path = Button.swift; sourceTree = "<group>"; };
		FFBF8F9C2AFBB22E0064D3BD /* UIView+Extension.swift */ = {isa = PBXFileReference; lastKnownFileType = sourcecode.swift; path = "UIView+Extension.swift"; sourceTree = "<group>"; };
		FFD55A942AFBBC3A008226ED /* UILabel+Extension.swift */ = {isa = PBXFileReference; lastKnownFileType = sourcecode.swift; path = "UILabel+Extension.swift"; sourceTree = "<group>"; };
		FFD55A962AFBBED7008226ED /* Label.swift */ = {isa = PBXFileReference; lastKnownFileType = sourcecode.swift; path = Label.swift; sourceTree = "<group>"; };
		FFD55A982AFBCCDC008226ED /* AccountViewController.swift */ = {isa = PBXFileReference; lastKnownFileType = sourcecode.swift; path = AccountViewController.swift; sourceTree = "<group>"; };
		FFD55A992AFBCCDC008226ED /* AccountViewModel.swift */ = {isa = PBXFileReference; lastKnownFileType = sourcecode.swift; path = AccountViewModel.swift; sourceTree = "<group>"; };
		FFD55A9C2AFBD024008226ED /* UINavigationController+Extension.swift */ = {isa = PBXFileReference; lastKnownFileType = sourcecode.swift; path = "UINavigationController+Extension.swift"; sourceTree = "<group>"; };
		FFD8C3F52AFD42EB004B98DD /* WelcomeContainerView.swift */ = {isa = PBXFileReference; lastKnownFileType = sourcecode.swift; path = WelcomeContainerView.swift; sourceTree = "<group>"; };
		FFE51A6C2AFC998F004132A5 /* TextFieldView.swift */ = {isa = PBXFileReference; lastKnownFileType = sourcecode.swift; path = TextFieldView.swift; sourceTree = "<group>"; };
		FFE51A712AFCA618004132A5 /* ProfileViewController.swift */ = {isa = PBXFileReference; lastKnownFileType = sourcecode.swift; path = ProfileViewController.swift; sourceTree = "<group>"; };
		FFE51A732AFCA7D4004132A5 /* SettingViewController.swift */ = {isa = PBXFileReference; lastKnownFileType = sourcecode.swift; path = SettingViewController.swift; sourceTree = "<group>"; };
		FFE51A752AFCB075004132A5 /* NSNotification+Extension.swift */ = {isa = PBXFileReference; lastKnownFileType = sourcecode.swift; path = "NSNotification+Extension.swift"; sourceTree = "<group>"; };
		FFE51A7A2AFCD851004132A5 /* ProfileContainerView.swift */ = {isa = PBXFileReference; lastKnownFileType = sourcecode.swift; path = ProfileContainerView.swift; sourceTree = "<group>"; };
		FFE51A7C2AFCD885004132A5 /* UserInfoView.swift */ = {isa = PBXFileReference; lastKnownFileType = sourcecode.swift; path = UserInfoView.swift; sourceTree = "<group>"; };
		FFE51A7E2AFCDBA5004132A5 /* UserInfoCardView.swift */ = {isa = PBXFileReference; lastKnownFileType = sourcecode.swift; path = UserInfoCardView.swift; sourceTree = "<group>"; };
		FFE51A802AFCDE19004132A5 /* InputFormView.swift */ = {isa = PBXFileReference; lastKnownFileType = sourcecode.swift; path = InputFormView.swift; sourceTree = "<group>"; };
		FFE51A822AFD3C47004132A5 /* UITapGestureRecognizer+Extension.swift */ = {isa = PBXFileReference; lastKnownFileType = sourcecode.swift; path = "UITapGestureRecognizer+Extension.swift"; sourceTree = "<group>"; };
/* End PBXFileReference section */

/* Begin PBXFrameworksBuildPhase section */
		FFBF8F122AF94C380064D3BD /* Frameworks */ = {
			isa = PBXFrameworksBuildPhase;
			buildActionMask = 2147483647;
			files = (
				399816FAC58ABEFB72AD7E7C /* Pods_PharmaApp.framework in Frameworks */,
			);
			runOnlyForDeploymentPostprocessing = 0;
		};
		FFBF8F2B2AF94C3B0064D3BD /* Frameworks */ = {
			isa = PBXFrameworksBuildPhase;
			buildActionMask = 2147483647;
			files = (
				1ECFE0B238D16A8A865A0FEF /* Pods_PharmaAppTests.framework in Frameworks */,
			);
			runOnlyForDeploymentPostprocessing = 0;
		};
		FFBF8F352AF94C3B0064D3BD /* Frameworks */ = {
			isa = PBXFrameworksBuildPhase;
			buildActionMask = 2147483647;
			files = (
				6542BBF87F376CA833BC12A6 /* Pods_PharmaApp_PharmaAppUITests.framework in Frameworks */,
			);
			runOnlyForDeploymentPostprocessing = 0;
		};
/* End PBXFrameworksBuildPhase section */

/* Begin PBXGroup section */
		420948117EEC5AF36F7DB14F /* Frameworks */ = {
			isa = PBXGroup;
			children = (
				B44F0758A2EF4A4D40997EBD /* Pods_PharmaApp.framework */,
				648C52B26CEB69F90CFBABCD /* Pods_PharmaApp_PharmaAppUITests.framework */,
				D52BF5613CBCC4F554855975 /* Pods_PharmaAppTests.framework */,
			);
			name = Frameworks;
			sourceTree = "<group>";
		};
		631D033A4D21C5D87AC5A712 /* Pods */ = {
			isa = PBXGroup;
			children = (
				C65D2F1F87B1AA89C0F437C4 /* Pods-PharmaApp.staging.xcconfig */,
				94A00348F0A821612E2C6C84 /* Pods-PharmaApp.development.xcconfig */,
				DFEFE0C2AB5877ADD43C568E /* Pods-PharmaApp.production.xcconfig */,
				8CF676C758367677B987983E /* Pods-PharmaApp-PharmaAppUITests.staging.xcconfig */,
				B5107E06139957FB50699B75 /* Pods-PharmaApp-PharmaAppUITests.development.xcconfig */,
				CAD584B3A6F798CE7EB3BB40 /* Pods-PharmaApp-PharmaAppUITests.production.xcconfig */,
				0A1E0A939B5046E6FF7028B2 /* Pods-PharmaAppTests.staging.xcconfig */,
				229453F5FEF30F010F2748D6 /* Pods-PharmaAppTests.development.xcconfig */,
				4E208E55910F46146DD79B8F /* Pods-PharmaAppTests.production.xcconfig */,
			);
			path = Pods;
			sourceTree = "<group>";
		};
		FFBF8F0C2AF94C380064D3BD = {
			isa = PBXGroup;
			children = (
				FFBF8F172AF94C380064D3BD /* PharmaApp */,
				FFBF8F312AF94C3B0064D3BD /* PharmaAppTests */,
				FFBF8F3B2AF94C3B0064D3BD /* PharmaAppUITests */,
				FFBF8F162AF94C380064D3BD /* Products */,
				631D033A4D21C5D87AC5A712 /* Pods */,
				420948117EEC5AF36F7DB14F /* Frameworks */,
			);
			sourceTree = "<group>";
		};
		FFBF8F162AF94C380064D3BD /* Products */ = {
			isa = PBXGroup;
			children = (
				FFBF8F152AF94C380064D3BD /* PharmaApp Dev.app */,
				FFBF8F2E2AF94C3B0064D3BD /* PharmaAppTests.xctest */,
				FFBF8F382AF94C3B0064D3BD /* PharmaAppUITests.xctest */,
			);
			name = Products;
			sourceTree = "<group>";
		};
		FFBF8F172AF94C380064D3BD /* PharmaApp */ = {
			isa = PBXGroup;
			children = (
				FFBF8F582AF951610064D3BD /* App */,
				FFBF8F5C2AF951780064D3BD /* Common */,
				FFBF8F572AF9515E0064D3BD /* Data */,
				FFBF8F5B2AF951740064D3BD /* Domain */,
				FFBF8F592AF951660064D3BD /* Infrastructure */,
				FFBF8F5A2AF9516C0064D3BD /* Presentation */,
				FFBF8F5D2AF951920064D3BD /* Resources */,
			);
			path = PharmaApp;
			sourceTree = "<group>";
		};
		FFBF8F312AF94C3B0064D3BD /* PharmaAppTests */ = {
			isa = PBXGroup;
			children = (
				FFBF8F322AF94C3B0064D3BD /* PharmaAppTests.swift */,
			);
			path = PharmaAppTests;
			sourceTree = "<group>";
		};
		FFBF8F3B2AF94C3B0064D3BD /* PharmaAppUITests */ = {
			isa = PBXGroup;
			children = (
				FFBF8F3C2AF94C3B0064D3BD /* PharmaAppUITests.swift */,
				FFBF8F3E2AF94C3B0064D3BD /* PharmaAppUITestsLaunchTests.swift */,
			);
			path = PharmaAppUITests;
			sourceTree = "<group>";
		};
		FFBF8F572AF9515E0064D3BD /* Data */ = {
			isa = PBXGroup;
			children = (
			);
			path = Data;
			sourceTree = "<group>";
		};
		FFBF8F582AF951610064D3BD /* App */ = {
			isa = PBXGroup;
			children = (
				FFBF8F182AF94C380064D3BD /* AppDelegate.swift */,
				FFBF8F1A2AF94C380064D3BD /* SceneDelegate.swift */,
				FFBF8F682AF955C10064D3BD /* AppDIContainer.swift */,
				FFBF8F6A2AF956670064D3BD /* AppFlowCoordinator.swift */,
			);
			path = App;
			sourceTree = "<group>";
		};
		FFBF8F592AF951660064D3BD /* Infrastructure */ = {
			isa = PBXGroup;
			children = (
			);
			path = Infrastructure;
			sourceTree = "<group>";
		};
		FFBF8F5A2AF9516C0064D3BD /* Presentation */ = {
			isa = PBXGroup;
			children = (
				FFBF8F6E2AF958F30064D3BD /* Account */,
				FFBF8F6F2AF95A560064D3BD /* Home */,
				FFBF8F722AF95C2A0064D3BD /* LaunchPad */,
				FFBF8F602AF953A90064D3BD /* LaunchScreen */,
				FFBF8F6C2AF958780064D3BD /* Login */,
				FFBF8F6D2AF9587D0064D3BD /* Register */,
			);
			path = Presentation;
			sourceTree = "<group>";
		};
		FFBF8F5B2AF951740064D3BD /* Domain */ = {
			isa = PBXGroup;
			children = (
			);
			path = Domain;
			sourceTree = "<group>";
		};
		FFBF8F5C2AF951780064D3BD /* Common */ = {
			isa = PBXGroup;
			children = (
				FFBF8F652AF954E70064D3BD /* Components */,
				FFBF8F5E2AF951CF0064D3BD /* Extension */,
				FFBF8F5F2AF951D30064D3BD /* Helper */,
			);
			path = Common;
			sourceTree = "<group>";
		};
		FFBF8F5D2AF951920064D3BD /* Resources */ = {
			isa = PBXGroup;
			children = (
				FFBF8F8F2AFBACD20064D3BD /* Fonts */,
				FFBF8F212AF94C380064D3BD /* PharmaApp.xcdatamodeld */,
				FFBF8F242AF94C3B0064D3BD /* Assets.xcassets */,
				FFBF8F262AF94C3B0064D3BD /* LaunchScreen.storyboard */,
				FFBF8F292AF94C3B0064D3BD /* Info.plist */,
			);
			path = Resources;
			sourceTree = "<group>";
		};
		FFBF8F5E2AF951CF0064D3BD /* Extension */ = {
			isa = PBXGroup;
			children = (
				FFBF8F702AF95AC00064D3BD /* UIApplication+Extension.swift */,
				FFBF8F862AFB537B0064D3BD /* UIViewController+Extension.swift */,
				FFBF8F982AFBAD8E0064D3BD /* UIFont+Extension.swift */,
				FFBF8F9C2AFBB22E0064D3BD /* UIView+Extension.swift */,
				FFD55A942AFBBC3A008226ED /* UILabel+Extension.swift */,
				FFD55A9C2AFBD024008226ED /* UINavigationController+Extension.swift */,
				FFE51A752AFCB075004132A5 /* NSNotification+Extension.swift */,
				FFE51A822AFD3C47004132A5 /* UITapGestureRecognizer+Extension.swift */,
			);
			path = Extension;
			sourceTree = "<group>";
		};
		FFBF8F5F2AF951D30064D3BD /* Helper */ = {
			isa = PBXGroup;
			children = (
				FFBF8F662AF9556E0064D3BD /* Injector.swift */,
			);
			path = Helper;
			sourceTree = "<group>";
		};
		FFBF8F602AF953A90064D3BD /* LaunchScreen */ = {
			isa = PBXGroup;
			children = (
				FFBF8F612AF953B90064D3BD /* LaunchScreenViewController.swift */,
				FFBF8F622AF953B90064D3BD /* LaunchScreenViewModel.swift */,
			);
			path = LaunchScreen;
			sourceTree = "<group>";
		};
		FFBF8F652AF954E70064D3BD /* Components */ = {
			isa = PBXGroup;
			children = (
				FFE51A6B2AFC997E004132A5 /* TextField */,
				FFBF8F772AF9631F0064D3BD /* Label */,
				FFBF8F762AF9631B0064D3BD /* Button */,
				FFBF8F732AF95C6B0064D3BD /* Navigation */,
				FFD8C3F52AFD42EB004B98DD /* WelcomeContainerView.swift */,
			);
			path = Components;
			sourceTree = "<group>";
		};
		FFBF8F6C2AF958780064D3BD /* Login */ = {
			isa = PBXGroup;
			children = (
				FFBF8F782AFB520E0064D3BD /* LoginViewController.swift */,
				FFBF8F792AFB520E0064D3BD /* LoginViewModel.swift */,
			);
			path = Login;
			sourceTree = "<group>";
		};
		FFBF8F6D2AF9587D0064D3BD /* Register */ = {
			isa = PBXGroup;
			children = (
				FFBF8F7C2AFB52390064D3BD /* RegisterViewController.swift */,
				FFBF8F7D2AFB52390064D3BD /* RegisterViewModel.swift */,
			);
			path = Register;
			sourceTree = "<group>";
		};
		FFBF8F6E2AF958F30064D3BD /* Account */ = {
			isa = PBXGroup;
			children = (
				FFE51A702AFCA539004132A5 /* ViewControllers */,
				FFD55A982AFBCCDC008226ED /* AccountViewController.swift */,
				FFD55A992AFBCCDC008226ED /* AccountViewModel.swift */,
			);
			path = Account;
			sourceTree = "<group>";
		};
		FFBF8F6F2AF95A560064D3BD /* Home */ = {
			isa = PBXGroup;
			children = (
				FFBF8F802AFB525F0064D3BD /* HomeViewController.swift */,
				FFBF8F812AFB525F0064D3BD /* HomeViewModel.swift */,
			);
			path = Home;
			sourceTree = "<group>";
		};
		FFBF8F722AF95C2A0064D3BD /* LaunchPad */ = {
			isa = PBXGroup;
			children = (
				FFBF8F8C2AFB55FE0064D3BD /* Views */,
				FFBF8F882AFB557C0064D3BD /* LaunchPadController.swift */,
				FFBF8F892AFB557C0064D3BD /* LaunchPadViewModel.swift */,
			);
			path = LaunchPad;
			sourceTree = "<group>";
		};
		FFBF8F732AF95C6B0064D3BD /* Navigation */ = {
			isa = PBXGroup;
			children = (
				FFBF8F742AF95C7B0064D3BD /* NavigationBar.swift */,
			);
			path = Navigation;
			sourceTree = "<group>";
		};
		FFBF8F762AF9631B0064D3BD /* Button */ = {
			isa = PBXGroup;
			children = (
				FFBF8F9A2AFBAEC10064D3BD /* Button.swift */,
			);
			path = Button;
			sourceTree = "<group>";
		};
		FFBF8F772AF9631F0064D3BD /* Label */ = {
			isa = PBXGroup;
			children = (
				FFD55A962AFBBED7008226ED /* Label.swift */,
			);
			path = Label;
			sourceTree = "<group>";
		};
		FFBF8F8C2AFB55FE0064D3BD /* Views */ = {
			isa = PBXGroup;
			children = (
				FFBF8F8D2AFB560F0064D3BD /* SideBarView.swift */,
			);
			path = Views;
			sourceTree = "<group>";
		};
		FFBF8F8F2AFBACD20064D3BD /* Fonts */ = {
			isa = PBXGroup;
			children = (
				FFBF8F922AFBAD490064D3BD /* Gilroy-Bold.ttf */,
				FFBF8F902AFBAD490064D3BD /* Gilroy-Light.ttf */,
				FFBF8F912AFBAD490064D3BD /* Gilroy-Regular.ttf */,
				FFBF8F932AFBAD490064D3BD /* Gilroy-SemiBold.ttf */,
			);
			path = Fonts;
			sourceTree = "<group>";
		};
		FFE51A6B2AFC997E004132A5 /* TextField */ = {
			isa = PBXGroup;
			children = (
				FFE51A6C2AFC998F004132A5 /* TextFieldView.swift */,
				FFE51A802AFCDE19004132A5 /* InputFormView.swift */,
			);
			path = TextField;
			sourceTree = "<group>";
		};
		FFE51A702AFCA539004132A5 /* ViewControllers */ = {
			isa = PBXGroup;
			children = (
				FFE51A772AFCD7D0004132A5 /* Profile */,
				FFE51A782AFCD7D3004132A5 /* Setting */,
			);
			path = ViewControllers;
			sourceTree = "<group>";
		};
		FFE51A772AFCD7D0004132A5 /* Profile */ = {
			isa = PBXGroup;
			children = (
				FFE51A792AFCD7DC004132A5 /* Views */,
				FFE51A712AFCA618004132A5 /* ProfileViewController.swift */,
			);
			path = Profile;
			sourceTree = "<group>";
		};
		FFE51A782AFCD7D3004132A5 /* Setting */ = {
			isa = PBXGroup;
			children = (
				FFE51A732AFCA7D4004132A5 /* SettingViewController.swift */,
			);
			path = Setting;
			sourceTree = "<group>";
		};
		FFE51A792AFCD7DC004132A5 /* Views */ = {
			isa = PBXGroup;
			children = (
				FFE51A7A2AFCD851004132A5 /* ProfileContainerView.swift */,
				FFE51A7C2AFCD885004132A5 /* UserInfoView.swift */,
				FFE51A7E2AFCDBA5004132A5 /* UserInfoCardView.swift */,
			);
			path = Views;
			sourceTree = "<group>";
		};
/* End PBXGroup section */

/* Begin PBXNativeTarget section */
		FFBF8F142AF94C380064D3BD /* PharmaApp */ = {
			isa = PBXNativeTarget;
			buildConfigurationList = FFBF8F422AF94C3B0064D3BD /* Build configuration list for PBXNativeTarget "PharmaApp" */;
			buildPhases = (
				4A499929A46D080A1146B2E3 /* [CP] Check Pods Manifest.lock */,
				FFBF8F112AF94C380064D3BD /* Sources */,
				FFBF8F122AF94C380064D3BD /* Frameworks */,
				FFBF8F132AF94C380064D3BD /* Resources */,
				F2C87FAE902691759AD35538 /* [CP] Embed Pods Frameworks */,
			);
			buildRules = (
			);
			dependencies = (
			);
			name = PharmaApp;
			productName = PharmaApp;
			productReference = FFBF8F152AF94C380064D3BD /* PharmaApp Dev.app */;
			productType = "com.apple.product-type.application";
		};
		FFBF8F2D2AF94C3B0064D3BD /* PharmaAppTests */ = {
			isa = PBXNativeTarget;
			buildConfigurationList = FFBF8F452AF94C3B0064D3BD /* Build configuration list for PBXNativeTarget "PharmaAppTests" */;
			buildPhases = (
				B9AC4766A09C338EF1695BBB /* [CP] Check Pods Manifest.lock */,
				FFBF8F2A2AF94C3B0064D3BD /* Sources */,
				FFBF8F2B2AF94C3B0064D3BD /* Frameworks */,
				FFBF8F2C2AF94C3B0064D3BD /* Resources */,
			);
			buildRules = (
			);
			dependencies = (
				FFBF8F302AF94C3B0064D3BD /* PBXTargetDependency */,
			);
			name = PharmaAppTests;
			productName = PharmaAppTests;
			productReference = FFBF8F2E2AF94C3B0064D3BD /* PharmaAppTests.xctest */;
			productType = "com.apple.product-type.bundle.unit-test";
		};
		FFBF8F372AF94C3B0064D3BD /* PharmaAppUITests */ = {
			isa = PBXNativeTarget;
			buildConfigurationList = FFBF8F482AF94C3B0064D3BD /* Build configuration list for PBXNativeTarget "PharmaAppUITests" */;
			buildPhases = (
				59F8B3C4BC1249CED7815F80 /* [CP] Check Pods Manifest.lock */,
				FFBF8F342AF94C3B0064D3BD /* Sources */,
				FFBF8F352AF94C3B0064D3BD /* Frameworks */,
				FFBF8F362AF94C3B0064D3BD /* Resources */,
				F0180C6DEBF061D74E8B58EE /* [CP] Embed Pods Frameworks */,
			);
			buildRules = (
			);
			dependencies = (
				FFBF8F3A2AF94C3B0064D3BD /* PBXTargetDependency */,
			);
			name = PharmaAppUITests;
			productName = PharmaAppUITests;
			productReference = FFBF8F382AF94C3B0064D3BD /* PharmaAppUITests.xctest */;
			productType = "com.apple.product-type.bundle.ui-testing";
		};
/* End PBXNativeTarget section */

/* Begin PBXProject section */
		FFBF8F0D2AF94C380064D3BD /* Project object */ = {
			isa = PBXProject;
			attributes = {
				BuildIndependentTargetsInParallel = 1;
				LastSwiftUpdateCheck = 1500;
				LastUpgradeCheck = 1500;
				TargetAttributes = {
					FFBF8F142AF94C380064D3BD = {
						CreatedOnToolsVersion = 15.0.1;
					};
					FFBF8F2D2AF94C3B0064D3BD = {
						CreatedOnToolsVersion = 15.0.1;
						TestTargetID = FFBF8F142AF94C380064D3BD;
					};
					FFBF8F372AF94C3B0064D3BD = {
						CreatedOnToolsVersion = 15.0.1;
						TestTargetID = FFBF8F142AF94C380064D3BD;
					};
				};
			};
			buildConfigurationList = FFBF8F102AF94C380064D3BD /* Build configuration list for PBXProject "PharmaApp" */;
			compatibilityVersion = "Xcode 14.0";
			developmentRegion = en;
			hasScannedForEncodings = 0;
			knownRegions = (
				en,
				Base,
			);
			mainGroup = FFBF8F0C2AF94C380064D3BD;
			productRefGroup = FFBF8F162AF94C380064D3BD /* Products */;
			projectDirPath = "";
			projectRoot = "";
			targets = (
				FFBF8F142AF94C380064D3BD /* PharmaApp */,
				FFBF8F2D2AF94C3B0064D3BD /* PharmaAppTests */,
				FFBF8F372AF94C3B0064D3BD /* PharmaAppUITests */,
			);
		};
/* End PBXProject section */

/* Begin PBXResourcesBuildPhase section */
		FFBF8F132AF94C380064D3BD /* Resources */ = {
			isa = PBXResourcesBuildPhase;
			buildActionMask = 2147483647;
			files = (
				FFBF8F942AFBAD490064D3BD /* Gilroy-Light.ttf in Resources */,
				FFBF8F972AFBAD490064D3BD /* Gilroy-SemiBold.ttf in Resources */,
				FFBF8F282AF94C3B0064D3BD /* LaunchScreen.storyboard in Resources */,
				FFBF8F962AFBAD490064D3BD /* Gilroy-Bold.ttf in Resources */,
				FFBF8F252AF94C3B0064D3BD /* Assets.xcassets in Resources */,
				FFBF8F952AFBAD490064D3BD /* Gilroy-Regular.ttf in Resources */,
			);
			runOnlyForDeploymentPostprocessing = 0;
		};
		FFBF8F2C2AF94C3B0064D3BD /* Resources */ = {
			isa = PBXResourcesBuildPhase;
			buildActionMask = 2147483647;
			files = (
			);
			runOnlyForDeploymentPostprocessing = 0;
		};
		FFBF8F362AF94C3B0064D3BD /* Resources */ = {
			isa = PBXResourcesBuildPhase;
			buildActionMask = 2147483647;
			files = (
			);
			runOnlyForDeploymentPostprocessing = 0;
		};
/* End PBXResourcesBuildPhase section */

/* Begin PBXShellScriptBuildPhase section */
		4A499929A46D080A1146B2E3 /* [CP] Check Pods Manifest.lock */ = {
			isa = PBXShellScriptBuildPhase;
			buildActionMask = 2147483647;
			files = (
			);
			inputFileListPaths = (
			);
			inputPaths = (
				"${PODS_PODFILE_DIR_PATH}/Podfile.lock",
				"${PODS_ROOT}/Manifest.lock",
			);
			name = "[CP] Check Pods Manifest.lock";
			outputFileListPaths = (
			);
			outputPaths = (
				"$(DERIVED_FILE_DIR)/Pods-PharmaApp-checkManifestLockResult.txt",
			);
			runOnlyForDeploymentPostprocessing = 0;
			shellPath = /bin/sh;
			shellScript = "diff \"${PODS_PODFILE_DIR_PATH}/Podfile.lock\" \"${PODS_ROOT}/Manifest.lock\" > /dev/null\nif [ $? != 0 ] ; then\n    # print error to STDERR\n    echo \"error: The sandbox is not in sync with the Podfile.lock. Run 'pod install' or update your CocoaPods installation.\" >&2\n    exit 1\nfi\n# This output is used by Xcode 'outputs' to avoid re-running this script phase.\necho \"SUCCESS\" > \"${SCRIPT_OUTPUT_FILE_0}\"\n";
			showEnvVarsInLog = 0;
		};
		59F8B3C4BC1249CED7815F80 /* [CP] Check Pods Manifest.lock */ = {
			isa = PBXShellScriptBuildPhase;
			buildActionMask = 2147483647;
			files = (
			);
			inputFileListPaths = (
			);
			inputPaths = (
				"${PODS_PODFILE_DIR_PATH}/Podfile.lock",
				"${PODS_ROOT}/Manifest.lock",
			);
			name = "[CP] Check Pods Manifest.lock";
			outputFileListPaths = (
			);
			outputPaths = (
				"$(DERIVED_FILE_DIR)/Pods-PharmaApp-PharmaAppUITests-checkManifestLockResult.txt",
			);
			runOnlyForDeploymentPostprocessing = 0;
			shellPath = /bin/sh;
			shellScript = "diff \"${PODS_PODFILE_DIR_PATH}/Podfile.lock\" \"${PODS_ROOT}/Manifest.lock\" > /dev/null\nif [ $? != 0 ] ; then\n    # print error to STDERR\n    echo \"error: The sandbox is not in sync with the Podfile.lock. Run 'pod install' or update your CocoaPods installation.\" >&2\n    exit 1\nfi\n# This output is used by Xcode 'outputs' to avoid re-running this script phase.\necho \"SUCCESS\" > \"${SCRIPT_OUTPUT_FILE_0}\"\n";
			showEnvVarsInLog = 0;
		};
		B9AC4766A09C338EF1695BBB /* [CP] Check Pods Manifest.lock */ = {
			isa = PBXShellScriptBuildPhase;
			buildActionMask = 2147483647;
			files = (
			);
			inputFileListPaths = (
			);
			inputPaths = (
				"${PODS_PODFILE_DIR_PATH}/Podfile.lock",
				"${PODS_ROOT}/Manifest.lock",
			);
			name = "[CP] Check Pods Manifest.lock";
			outputFileListPaths = (
			);
			outputPaths = (
				"$(DERIVED_FILE_DIR)/Pods-PharmaAppTests-checkManifestLockResult.txt",
			);
			runOnlyForDeploymentPostprocessing = 0;
			shellPath = /bin/sh;
			shellScript = "diff \"${PODS_PODFILE_DIR_PATH}/Podfile.lock\" \"${PODS_ROOT}/Manifest.lock\" > /dev/null\nif [ $? != 0 ] ; then\n    # print error to STDERR\n    echo \"error: The sandbox is not in sync with the Podfile.lock. Run 'pod install' or update your CocoaPods installation.\" >&2\n    exit 1\nfi\n# This output is used by Xcode 'outputs' to avoid re-running this script phase.\necho \"SUCCESS\" > \"${SCRIPT_OUTPUT_FILE_0}\"\n";
			showEnvVarsInLog = 0;
		};
		F0180C6DEBF061D74E8B58EE /* [CP] Embed Pods Frameworks */ = {
			isa = PBXShellScriptBuildPhase;
			buildActionMask = 2147483647;
			files = (
			);
			inputFileListPaths = (
				"${PODS_ROOT}/Target Support Files/Pods-PharmaApp-PharmaAppUITests/Pods-PharmaApp-PharmaAppUITests-frameworks-${CONFIGURATION}-input-files.xcfilelist",
			);
			name = "[CP] Embed Pods Frameworks";
			outputFileListPaths = (
				"${PODS_ROOT}/Target Support Files/Pods-PharmaApp-PharmaAppUITests/Pods-PharmaApp-PharmaAppUITests-frameworks-${CONFIGURATION}-output-files.xcfilelist",
			);
			runOnlyForDeploymentPostprocessing = 0;
			shellPath = /bin/sh;
			shellScript = "\"${PODS_ROOT}/Target Support Files/Pods-PharmaApp-PharmaAppUITests/Pods-PharmaApp-PharmaAppUITests-frameworks.sh\"\n";
			showEnvVarsInLog = 0;
		};
		F2C87FAE902691759AD35538 /* [CP] Embed Pods Frameworks */ = {
			isa = PBXShellScriptBuildPhase;
			buildActionMask = 2147483647;
			files = (
			);
			inputFileListPaths = (
				"${PODS_ROOT}/Target Support Files/Pods-PharmaApp/Pods-PharmaApp-frameworks-${CONFIGURATION}-input-files.xcfilelist",
			);
			name = "[CP] Embed Pods Frameworks";
			outputFileListPaths = (
				"${PODS_ROOT}/Target Support Files/Pods-PharmaApp/Pods-PharmaApp-frameworks-${CONFIGURATION}-output-files.xcfilelist",
			);
			runOnlyForDeploymentPostprocessing = 0;
			shellPath = /bin/sh;
			shellScript = "\"${PODS_ROOT}/Target Support Files/Pods-PharmaApp/Pods-PharmaApp-frameworks.sh\"\n";
			showEnvVarsInLog = 0;
		};
/* End PBXShellScriptBuildPhase section */

/* Begin PBXSourcesBuildPhase section */
		FFBF8F112AF94C380064D3BD /* Sources */ = {
			isa = PBXSourcesBuildPhase;
			buildActionMask = 2147483647;
			files = (
				FFBF8F992AFBAD8E0064D3BD /* UIFont+Extension.swift in Sources */,
				FFBF8F872AFB537B0064D3BD /* UIViewController+Extension.swift in Sources */,
				FFE51A7D2AFCD885004132A5 /* UserInfoView.swift in Sources */,
				FFD55A9A2AFBCCDC008226ED /* AccountViewController.swift in Sources */,
				FFBF8F6B2AF956670064D3BD /* AppFlowCoordinator.swift in Sources */,
				FFBF8F692AF955C10064D3BD /* AppDIContainer.swift in Sources */,
				FFBF8F232AF94C380064D3BD /* PharmaApp.xcdatamodeld in Sources */,
				FFBF8F832AFB525F0064D3BD /* HomeViewModel.swift in Sources */,
				FFBF8F672AF9556E0064D3BD /* Injector.swift in Sources */,
				FFBF8F712AF95AC00064D3BD /* UIApplication+Extension.swift in Sources */,
				FFE51A762AFCB075004132A5 /* NSNotification+Extension.swift in Sources */,
				FFD55A972AFBBED7008226ED /* Label.swift in Sources */,
				FFBF8F822AFB525F0064D3BD /* HomeViewController.swift in Sources */,
				FFD55A9D2AFBD024008226ED /* UINavigationController+Extension.swift in Sources */,
				FFE51A722AFCA618004132A5 /* ProfileViewController.swift in Sources */,
				FFBF8F752AF95C7B0064D3BD /* NavigationBar.swift in Sources */,
				FFBF8F9D2AFBB22E0064D3BD /* UIView+Extension.swift in Sources */,
				FFBF8F192AF94C380064D3BD /* AppDelegate.swift in Sources */,
				FFBF8F8A2AFB557C0064D3BD /* LaunchPadController.swift in Sources */,
				FFBF8F632AF953B90064D3BD /* LaunchScreenViewController.swift in Sources */,
				FFBF8F7B2AFB520E0064D3BD /* LoginViewModel.swift in Sources */,
				FFBF8F8E2AFB560F0064D3BD /* SideBarView.swift in Sources */,
				FFE51A7B2AFCD851004132A5 /* ProfileContainerView.swift in Sources */,
				FFD55A952AFBBC3A008226ED /* UILabel+Extension.swift in Sources */,
				FFBF8F7F2AFB52390064D3BD /* RegisterViewModel.swift in Sources */,
				FFD8C3F62AFD42EB004B98DD /* WelcomeContainerView.swift in Sources */,
				FFBF8F8B2AFB557C0064D3BD /* LaunchPadViewModel.swift in Sources */,
				FFE51A6D2AFC998F004132A5 /* TextFieldView.swift in Sources */,
				FFE51A7F2AFCDBA5004132A5 /* UserInfoCardView.swift in Sources */,
				FFBF8F642AF953B90064D3BD /* LaunchScreenViewModel.swift in Sources */,
				FFD55A9B2AFBCCDC008226ED /* AccountViewModel.swift in Sources */,
				FFE51A742AFCA7D4004132A5 /* SettingViewController.swift in Sources */,
				FFBF8F7E2AFB52390064D3BD /* RegisterViewController.swift in Sources */,
				FFBF8F1B2AF94C380064D3BD /* SceneDelegate.swift in Sources */,
				FFBF8F7A2AFB520E0064D3BD /* LoginViewController.swift in Sources */,
				FFBF8F9B2AFBAEC10064D3BD /* Button.swift in Sources */,
				FFE51A812AFCDE19004132A5 /* InputFormView.swift in Sources */,
				FFE51A832AFD3C47004132A5 /* UITapGestureRecognizer+Extension.swift in Sources */,
			);
			runOnlyForDeploymentPostprocessing = 0;
		};
		FFBF8F2A2AF94C3B0064D3BD /* Sources */ = {
			isa = PBXSourcesBuildPhase;
			buildActionMask = 2147483647;
			files = (
				FFBF8F332AF94C3B0064D3BD /* PharmaAppTests.swift in Sources */,
			);
			runOnlyForDeploymentPostprocessing = 0;
		};
		FFBF8F342AF94C3B0064D3BD /* Sources */ = {
			isa = PBXSourcesBuildPhase;
			buildActionMask = 2147483647;
			files = (
				FFBF8F3D2AF94C3B0064D3BD /* PharmaAppUITests.swift in Sources */,
				FFBF8F3F2AF94C3B0064D3BD /* PharmaAppUITestsLaunchTests.swift in Sources */,
			);
			runOnlyForDeploymentPostprocessing = 0;
		};
/* End PBXSourcesBuildPhase section */

/* Begin PBXTargetDependency section */
		FFBF8F302AF94C3B0064D3BD /* PBXTargetDependency */ = {
			isa = PBXTargetDependency;
			target = FFBF8F142AF94C380064D3BD /* PharmaApp */;
			targetProxy = FFBF8F2F2AF94C3B0064D3BD /* PBXContainerItemProxy */;
		};
		FFBF8F3A2AF94C3B0064D3BD /* PBXTargetDependency */ = {
			isa = PBXTargetDependency;
			target = FFBF8F142AF94C380064D3BD /* PharmaApp */;
			targetProxy = FFBF8F392AF94C3B0064D3BD /* PBXContainerItemProxy */;
		};
/* End PBXTargetDependency section */

/* Begin PBXVariantGroup section */
		FFBF8F262AF94C3B0064D3BD /* LaunchScreen.storyboard */ = {
			isa = PBXVariantGroup;
			children = (
				FFBF8F272AF94C3B0064D3BD /* Base */,
			);
			name = LaunchScreen.storyboard;
			sourceTree = "<group>";
		};
/* End PBXVariantGroup section */

/* Begin XCBuildConfiguration section */
		FFBF8F4B2AF9503C0064D3BD /* Development */ = {
			isa = XCBuildConfiguration;
			buildSettings = {
				ALWAYS_SEARCH_USER_PATHS = NO;
				ASSETCATALOG_COMPILER_GENERATE_SWIFT_ASSET_SYMBOL_EXTENSIONS = YES;
				CLANG_ANALYZER_NONNULL = YES;
				CLANG_ANALYZER_NUMBER_OBJECT_CONVERSION = YES_AGGRESSIVE;
				CLANG_CXX_LANGUAGE_STANDARD = "gnu++20";
				CLANG_ENABLE_MODULES = YES;
				CLANG_ENABLE_OBJC_ARC = YES;
				CLANG_ENABLE_OBJC_WEAK = YES;
				CLANG_WARN_BLOCK_CAPTURE_AUTORELEASING = YES;
				CLANG_WARN_BOOL_CONVERSION = YES;
				CLANG_WARN_COMMA = YES;
				CLANG_WARN_CONSTANT_CONVERSION = YES;
				CLANG_WARN_DEPRECATED_OBJC_IMPLEMENTATIONS = YES;
				CLANG_WARN_DIRECT_OBJC_ISA_USAGE = YES_ERROR;
				CLANG_WARN_DOCUMENTATION_COMMENTS = YES;
				CLANG_WARN_EMPTY_BODY = YES;
				CLANG_WARN_ENUM_CONVERSION = YES;
				CLANG_WARN_INFINITE_RECURSION = YES;
				CLANG_WARN_INT_CONVERSION = YES;
				CLANG_WARN_NON_LITERAL_NULL_CONVERSION = YES;
				CLANG_WARN_OBJC_IMPLICIT_RETAIN_SELF = YES;
				CLANG_WARN_OBJC_LITERAL_CONVERSION = YES;
				CLANG_WARN_OBJC_ROOT_CLASS = YES_ERROR;
				CLANG_WARN_QUOTED_INCLUDE_IN_FRAMEWORK_HEADER = YES;
				CLANG_WARN_RANGE_LOOP_ANALYSIS = YES;
				CLANG_WARN_STRICT_PROTOTYPES = YES;
				CLANG_WARN_SUSPICIOUS_MOVE = YES;
				CLANG_WARN_UNGUARDED_AVAILABILITY = YES_AGGRESSIVE;
				CLANG_WARN_UNREACHABLE_CODE = YES;
				CLANG_WARN__DUPLICATE_METHOD_MATCH = YES;
				COPY_PHASE_STRIP = NO;
				DEBUG_INFORMATION_FORMAT = dwarf;
				ENABLE_STRICT_OBJC_MSGSEND = YES;
				ENABLE_TESTABILITY = YES;
				ENABLE_USER_SCRIPT_SANDBOXING = YES;
				GCC_C_LANGUAGE_STANDARD = gnu17;
				GCC_DYNAMIC_NO_PIC = NO;
				GCC_NO_COMMON_BLOCKS = YES;
				GCC_OPTIMIZATION_LEVEL = 0;
				GCC_PREPROCESSOR_DEFINITIONS = (
					"DEBUG=1",
					"$(inherited)",
				);
				GCC_WARN_64_TO_32_BIT_CONVERSION = YES;
				GCC_WARN_ABOUT_RETURN_TYPE = YES_ERROR;
				GCC_WARN_UNDECLARED_SELECTOR = YES;
				GCC_WARN_UNINITIALIZED_AUTOS = YES_AGGRESSIVE;
				GCC_WARN_UNUSED_FUNCTION = YES;
				GCC_WARN_UNUSED_VARIABLE = YES;
				IPHONEOS_DEPLOYMENT_TARGET = 17.0;
				LOCALIZATION_PREFERS_STRING_CATALOGS = YES;
				MTL_ENABLE_DEBUG_INFO = INCLUDE_SOURCE;
				MTL_FAST_MATH = YES;
				ONLY_ACTIVE_ARCH = YES;
				SDKROOT = iphoneos;
				SWIFT_ACTIVE_COMPILATION_CONDITIONS = "DEBUG $(inherited)";
				SWIFT_OPTIMIZATION_LEVEL = "-Onone";
			};
			name = Development;
		};
		FFBF8F4C2AF9503C0064D3BD /* Development */ = {
			isa = XCBuildConfiguration;
			baseConfigurationReference = 94A00348F0A821612E2C6C84 /* Pods-PharmaApp.development.xcconfig */;
			buildSettings = {
				ASSETCATALOG_COMPILER_APPICON_NAME = AppIcon;
				ASSETCATALOG_COMPILER_GLOBAL_ACCENT_COLOR_NAME = AccentColor;
				CODE_SIGN_STYLE = Automatic;
				CURRENT_PROJECT_VERSION = 1;
				DEVELOPMENT_TEAM = 8MV3PNW544;
				ENABLE_USER_SCRIPT_SANDBOXING = NO;
				GENERATE_INFOPLIST_FILE = YES;
				INFOPLIST_FILE = PharmaApp/Resources/Info.plist;
				INFOPLIST_KEY_UIApplicationSupportsIndirectInputEvents = YES;
				INFOPLIST_KEY_UILaunchStoryboardName = LaunchScreen;
				INFOPLIST_KEY_UIMainStoryboardFile = "";
				INFOPLIST_KEY_UISupportedInterfaceOrientations = UIInterfaceOrientationPortrait;
				IPHONEOS_DEPLOYMENT_TARGET = 13.0;
				LD_RUNPATH_SEARCH_PATHS = (
					"$(inherited)",
					"@executable_path/Frameworks",
				);
				MARKETING_VERSION = 1.0.0;
				PRODUCT_BUNDLE_IDENTIFIER = com.mnobelsh.PharmaApp.dev;
				PRODUCT_NAME = "PharmaApp Dev";
				SWIFT_ACTIVE_COMPILATION_CONDITIONS = "DEBUG DEV";
				SWIFT_EMIT_LOC_STRINGS = YES;
				SWIFT_VERSION = 5.0;
				TARGETED_DEVICE_FAMILY = "1,2";
			};
			name = Development;
		};
		FFBF8F4D2AF9503C0064D3BD /* Development */ = {
			isa = XCBuildConfiguration;
			baseConfigurationReference = 229453F5FEF30F010F2748D6 /* Pods-PharmaAppTests.development.xcconfig */;
			buildSettings = {
				ALWAYS_EMBED_SWIFT_STANDARD_LIBRARIES = YES;
				BUNDLE_LOADER = "$(TEST_HOST)";
				CODE_SIGN_STYLE = Automatic;
				CURRENT_PROJECT_VERSION = 1;
				DEVELOPMENT_TEAM = 8MV3PNW544;
				GENERATE_INFOPLIST_FILE = YES;
				IPHONEOS_DEPLOYMENT_TARGET = 13.0;
				MARKETING_VERSION = 1.0;
				PRODUCT_BUNDLE_IDENTIFIER = com.mnobelsh.PharmaAppTests;
				PRODUCT_NAME = "$(TARGET_NAME)";
				SWIFT_EMIT_LOC_STRINGS = NO;
				SWIFT_VERSION = 5.0;
				TARGETED_DEVICE_FAMILY = "1,2";
				TEST_HOST = "$(BUILT_PRODUCTS_DIR)/PharmaApp.app/$(BUNDLE_EXECUTABLE_FOLDER_PATH)/PharmaApp";
			};
			name = Development;
		};
		FFBF8F4E2AF9503C0064D3BD /* Development */ = {
			isa = XCBuildConfiguration;
			baseConfigurationReference = B5107E06139957FB50699B75 /* Pods-PharmaApp-PharmaAppUITests.development.xcconfig */;
			buildSettings = {
				ALWAYS_EMBED_SWIFT_STANDARD_LIBRARIES = YES;
				CODE_SIGN_STYLE = Automatic;
				CURRENT_PROJECT_VERSION = 1;
				DEVELOPMENT_TEAM = 8MV3PNW544;
				GENERATE_INFOPLIST_FILE = YES;
				IPHONEOS_DEPLOYMENT_TARGET = 13.0;
				MARKETING_VERSION = 1.0;
				PRODUCT_BUNDLE_IDENTIFIER = com.mnobelsh.PharmaAppUITests;
				PRODUCT_NAME = "$(TARGET_NAME)";
				SWIFT_EMIT_LOC_STRINGS = NO;
				SWIFT_VERSION = 5.0;
				TARGETED_DEVICE_FAMILY = "1,2";
				TEST_TARGET_NAME = PharmaApp;
			};
			name = Development;
		};
		FFBF8F4F2AF950420064D3BD /* Staging */ = {
			isa = XCBuildConfiguration;
			buildSettings = {
				ALWAYS_SEARCH_USER_PATHS = NO;
				ASSETCATALOG_COMPILER_GENERATE_SWIFT_ASSET_SYMBOL_EXTENSIONS = YES;
				CLANG_ANALYZER_NONNULL = YES;
				CLANG_ANALYZER_NUMBER_OBJECT_CONVERSION = YES_AGGRESSIVE;
				CLANG_CXX_LANGUAGE_STANDARD = "gnu++20";
				CLANG_ENABLE_MODULES = YES;
				CLANG_ENABLE_OBJC_ARC = YES;
				CLANG_ENABLE_OBJC_WEAK = YES;
				CLANG_WARN_BLOCK_CAPTURE_AUTORELEASING = YES;
				CLANG_WARN_BOOL_CONVERSION = YES;
				CLANG_WARN_COMMA = YES;
				CLANG_WARN_CONSTANT_CONVERSION = YES;
				CLANG_WARN_DEPRECATED_OBJC_IMPLEMENTATIONS = YES;
				CLANG_WARN_DIRECT_OBJC_ISA_USAGE = YES_ERROR;
				CLANG_WARN_DOCUMENTATION_COMMENTS = YES;
				CLANG_WARN_EMPTY_BODY = YES;
				CLANG_WARN_ENUM_CONVERSION = YES;
				CLANG_WARN_INFINITE_RECURSION = YES;
				CLANG_WARN_INT_CONVERSION = YES;
				CLANG_WARN_NON_LITERAL_NULL_CONVERSION = YES;
				CLANG_WARN_OBJC_IMPLICIT_RETAIN_SELF = YES;
				CLANG_WARN_OBJC_LITERAL_CONVERSION = YES;
				CLANG_WARN_OBJC_ROOT_CLASS = YES_ERROR;
				CLANG_WARN_QUOTED_INCLUDE_IN_FRAMEWORK_HEADER = YES;
				CLANG_WARN_RANGE_LOOP_ANALYSIS = YES;
				CLANG_WARN_STRICT_PROTOTYPES = YES;
				CLANG_WARN_SUSPICIOUS_MOVE = YES;
				CLANG_WARN_UNGUARDED_AVAILABILITY = YES_AGGRESSIVE;
				CLANG_WARN_UNREACHABLE_CODE = YES;
				CLANG_WARN__DUPLICATE_METHOD_MATCH = YES;
				COPY_PHASE_STRIP = NO;
				DEBUG_INFORMATION_FORMAT = dwarf;
				ENABLE_STRICT_OBJC_MSGSEND = YES;
				ENABLE_TESTABILITY = YES;
				ENABLE_USER_SCRIPT_SANDBOXING = YES;
				GCC_C_LANGUAGE_STANDARD = gnu17;
				GCC_DYNAMIC_NO_PIC = NO;
				GCC_NO_COMMON_BLOCKS = YES;
				GCC_OPTIMIZATION_LEVEL = 0;
				GCC_PREPROCESSOR_DEFINITIONS = (
					"DEBUG=1",
					"$(inherited)",
				);
				GCC_WARN_64_TO_32_BIT_CONVERSION = YES;
				GCC_WARN_ABOUT_RETURN_TYPE = YES_ERROR;
				GCC_WARN_UNDECLARED_SELECTOR = YES;
				GCC_WARN_UNINITIALIZED_AUTOS = YES_AGGRESSIVE;
				GCC_WARN_UNUSED_FUNCTION = YES;
				GCC_WARN_UNUSED_VARIABLE = YES;
				IPHONEOS_DEPLOYMENT_TARGET = 17.0;
				LOCALIZATION_PREFERS_STRING_CATALOGS = YES;
				MTL_ENABLE_DEBUG_INFO = INCLUDE_SOURCE;
				MTL_FAST_MATH = YES;
				ONLY_ACTIVE_ARCH = YES;
				SDKROOT = iphoneos;
				SWIFT_ACTIVE_COMPILATION_CONDITIONS = "DEBUG $(inherited)";
				SWIFT_OPTIMIZATION_LEVEL = "-Onone";
			};
			name = Staging;
		};
		FFBF8F502AF950420064D3BD /* Staging */ = {
			isa = XCBuildConfiguration;
			baseConfigurationReference = C65D2F1F87B1AA89C0F437C4 /* Pods-PharmaApp.staging.xcconfig */;
			buildSettings = {
				ASSETCATALOG_COMPILER_APPICON_NAME = AppIcon;
				ASSETCATALOG_COMPILER_GLOBAL_ACCENT_COLOR_NAME = AccentColor;
				CODE_SIGN_STYLE = Automatic;
				CURRENT_PROJECT_VERSION = 1;
				DEVELOPMENT_TEAM = 8MV3PNW544;
				ENABLE_USER_SCRIPT_SANDBOXING = NO;
				GENERATE_INFOPLIST_FILE = YES;
				INFOPLIST_FILE = PharmaApp/Resources/Info.plist;
				INFOPLIST_KEY_UIApplicationSupportsIndirectInputEvents = YES;
				INFOPLIST_KEY_UILaunchStoryboardName = LaunchScreen;
				INFOPLIST_KEY_UIMainStoryboardFile = "";
				INFOPLIST_KEY_UISupportedInterfaceOrientations = UIInterfaceOrientationPortrait;
				IPHONEOS_DEPLOYMENT_TARGET = 13.0;
				LD_RUNPATH_SEARCH_PATHS = (
					"$(inherited)",
					"@executable_path/Frameworks",
				);
				MARKETING_VERSION = 1.0.0;
				PRODUCT_BUNDLE_IDENTIFIER = com.mnobelsh.PharmaApp.stag;
				PRODUCT_NAME = "PharmaApp Stag";
				SWIFT_ACTIVE_COMPILATION_CONDITIONS = "DEBUG STAG";
				SWIFT_EMIT_LOC_STRINGS = YES;
				SWIFT_VERSION = 5.0;
				TARGETED_DEVICE_FAMILY = "1,2";
			};
			name = Staging;
		};
		FFBF8F512AF950420064D3BD /* Staging */ = {
			isa = XCBuildConfiguration;
			baseConfigurationReference = 0A1E0A939B5046E6FF7028B2 /* Pods-PharmaAppTests.staging.xcconfig */;
			buildSettings = {
				ALWAYS_EMBED_SWIFT_STANDARD_LIBRARIES = YES;
				BUNDLE_LOADER = "$(TEST_HOST)";
				CODE_SIGN_STYLE = Automatic;
				CURRENT_PROJECT_VERSION = 1;
				DEVELOPMENT_TEAM = 8MV3PNW544;
				GENERATE_INFOPLIST_FILE = YES;
				IPHONEOS_DEPLOYMENT_TARGET = 13.0;
				MARKETING_VERSION = 1.0;
				PRODUCT_BUNDLE_IDENTIFIER = com.mnobelsh.PharmaAppTests;
				PRODUCT_NAME = "$(TARGET_NAME)";
				SWIFT_EMIT_LOC_STRINGS = NO;
				SWIFT_VERSION = 5.0;
				TARGETED_DEVICE_FAMILY = "1,2";
				TEST_HOST = "$(BUILT_PRODUCTS_DIR)/PharmaApp.app/$(BUNDLE_EXECUTABLE_FOLDER_PATH)/PharmaApp";
			};
			name = Staging;
		};
		FFBF8F522AF950420064D3BD /* Staging */ = {
			isa = XCBuildConfiguration;
			baseConfigurationReference = 8CF676C758367677B987983E /* Pods-PharmaApp-PharmaAppUITests.staging.xcconfig */;
			buildSettings = {
				ALWAYS_EMBED_SWIFT_STANDARD_LIBRARIES = YES;
				CODE_SIGN_STYLE = Automatic;
				CURRENT_PROJECT_VERSION = 1;
				DEVELOPMENT_TEAM = 8MV3PNW544;
				GENERATE_INFOPLIST_FILE = YES;
				IPHONEOS_DEPLOYMENT_TARGET = 13.0;
				MARKETING_VERSION = 1.0;
				PRODUCT_BUNDLE_IDENTIFIER = com.mnobelsh.PharmaAppUITests;
				PRODUCT_NAME = "$(TARGET_NAME)";
				SWIFT_EMIT_LOC_STRINGS = NO;
				SWIFT_VERSION = 5.0;
				TARGETED_DEVICE_FAMILY = "1,2";
				TEST_TARGET_NAME = PharmaApp;
			};
			name = Staging;
		};
		FFBF8F532AF950470064D3BD /* Production */ = {
			isa = XCBuildConfiguration;
			buildSettings = {
				ALWAYS_SEARCH_USER_PATHS = NO;
				ASSETCATALOG_COMPILER_GENERATE_SWIFT_ASSET_SYMBOL_EXTENSIONS = YES;
				CLANG_ANALYZER_NONNULL = YES;
				CLANG_ANALYZER_NUMBER_OBJECT_CONVERSION = YES_AGGRESSIVE;
				CLANG_CXX_LANGUAGE_STANDARD = "gnu++20";
				CLANG_ENABLE_MODULES = YES;
				CLANG_ENABLE_OBJC_ARC = YES;
				CLANG_ENABLE_OBJC_WEAK = YES;
				CLANG_WARN_BLOCK_CAPTURE_AUTORELEASING = YES;
				CLANG_WARN_BOOL_CONVERSION = YES;
				CLANG_WARN_COMMA = YES;
				CLANG_WARN_CONSTANT_CONVERSION = YES;
				CLANG_WARN_DEPRECATED_OBJC_IMPLEMENTATIONS = YES;
				CLANG_WARN_DIRECT_OBJC_ISA_USAGE = YES_ERROR;
				CLANG_WARN_DOCUMENTATION_COMMENTS = YES;
				CLANG_WARN_EMPTY_BODY = YES;
				CLANG_WARN_ENUM_CONVERSION = YES;
				CLANG_WARN_INFINITE_RECURSION = YES;
				CLANG_WARN_INT_CONVERSION = YES;
				CLANG_WARN_NON_LITERAL_NULL_CONVERSION = YES;
				CLANG_WARN_OBJC_IMPLICIT_RETAIN_SELF = YES;
				CLANG_WARN_OBJC_LITERAL_CONVERSION = YES;
				CLANG_WARN_OBJC_ROOT_CLASS = YES_ERROR;
				CLANG_WARN_QUOTED_INCLUDE_IN_FRAMEWORK_HEADER = YES;
				CLANG_WARN_RANGE_LOOP_ANALYSIS = YES;
				CLANG_WARN_STRICT_PROTOTYPES = YES;
				CLANG_WARN_SUSPICIOUS_MOVE = YES;
				CLANG_WARN_UNGUARDED_AVAILABILITY = YES_AGGRESSIVE;
				CLANG_WARN_UNREACHABLE_CODE = YES;
				CLANG_WARN__DUPLICATE_METHOD_MATCH = YES;
				COPY_PHASE_STRIP = NO;
				DEBUG_INFORMATION_FORMAT = "dwarf-with-dsym";
				ENABLE_NS_ASSERTIONS = NO;
				ENABLE_STRICT_OBJC_MSGSEND = YES;
				ENABLE_USER_SCRIPT_SANDBOXING = YES;
				GCC_C_LANGUAGE_STANDARD = gnu17;
				GCC_NO_COMMON_BLOCKS = YES;
				GCC_WARN_64_TO_32_BIT_CONVERSION = YES;
				GCC_WARN_ABOUT_RETURN_TYPE = YES_ERROR;
				GCC_WARN_UNDECLARED_SELECTOR = YES;
				GCC_WARN_UNINITIALIZED_AUTOS = YES_AGGRESSIVE;
				GCC_WARN_UNUSED_FUNCTION = YES;
				GCC_WARN_UNUSED_VARIABLE = YES;
				IPHONEOS_DEPLOYMENT_TARGET = 17.0;
				LOCALIZATION_PREFERS_STRING_CATALOGS = YES;
				MTL_ENABLE_DEBUG_INFO = NO;
				MTL_FAST_MATH = YES;
				SDKROOT = iphoneos;
				SWIFT_COMPILATION_MODE = wholemodule;
				VALIDATE_PRODUCT = YES;
			};
			name = Production;
		};
		FFBF8F542AF950470064D3BD /* Production */ = {
			isa = XCBuildConfiguration;
			baseConfigurationReference = DFEFE0C2AB5877ADD43C568E /* Pods-PharmaApp.production.xcconfig */;
			buildSettings = {
				ASSETCATALOG_COMPILER_APPICON_NAME = AppIcon;
				ASSETCATALOG_COMPILER_GLOBAL_ACCENT_COLOR_NAME = AccentColor;
				CODE_SIGN_STYLE = Automatic;
				CURRENT_PROJECT_VERSION = 1;
				DEVELOPMENT_TEAM = 8MV3PNW544;
				ENABLE_USER_SCRIPT_SANDBOXING = NO;
				GENERATE_INFOPLIST_FILE = YES;
				INFOPLIST_FILE = PharmaApp/Resources/Info.plist;
				INFOPLIST_KEY_UIApplicationSupportsIndirectInputEvents = YES;
				INFOPLIST_KEY_UILaunchStoryboardName = LaunchScreen;
				INFOPLIST_KEY_UIMainStoryboardFile = "";
				INFOPLIST_KEY_UISupportedInterfaceOrientations = UIInterfaceOrientationPortrait;
				IPHONEOS_DEPLOYMENT_TARGET = 13.0;
				LD_RUNPATH_SEARCH_PATHS = (
					"$(inherited)",
					"@executable_path/Frameworks",
				);
				MARKETING_VERSION = 1.0.0;
				PRODUCT_BUNDLE_IDENTIFIER = com.mnobelsh.PharmaApp;
				PRODUCT_NAME = PharmaApp;
				SWIFT_ACTIVE_COMPILATION_CONDITIONS = PROD;
				SWIFT_EMIT_LOC_STRINGS = YES;
				SWIFT_VERSION = 5.0;
				TARGETED_DEVICE_FAMILY = "1,2";
			};
			name = Production;
		};
		FFBF8F552AF950470064D3BD /* Production */ = {
			isa = XCBuildConfiguration;
			baseConfigurationReference = 4E208E55910F46146DD79B8F /* Pods-PharmaAppTests.production.xcconfig */;
			buildSettings = {
				ALWAYS_EMBED_SWIFT_STANDARD_LIBRARIES = YES;
				BUNDLE_LOADER = "$(TEST_HOST)";
				CODE_SIGN_STYLE = Automatic;
				CURRENT_PROJECT_VERSION = 1;
				DEVELOPMENT_TEAM = 8MV3PNW544;
				GENERATE_INFOPLIST_FILE = YES;
				IPHONEOS_DEPLOYMENT_TARGET = 13.0;
				MARKETING_VERSION = 1.0;
				PRODUCT_BUNDLE_IDENTIFIER = com.mnobelsh.PharmaAppTests;
				PRODUCT_NAME = "$(TARGET_NAME)";
				SWIFT_EMIT_LOC_STRINGS = NO;
				SWIFT_VERSION = 5.0;
				TARGETED_DEVICE_FAMILY = "1,2";
				TEST_HOST = "$(BUILT_PRODUCTS_DIR)/PharmaApp.app/$(BUNDLE_EXECUTABLE_FOLDER_PATH)/PharmaApp";
			};
			name = Production;
		};
		FFBF8F562AF950470064D3BD /* Production */ = {
			isa = XCBuildConfiguration;
			baseConfigurationReference = CAD584B3A6F798CE7EB3BB40 /* Pods-PharmaApp-PharmaAppUITests.production.xcconfig */;
			buildSettings = {
				ALWAYS_EMBED_SWIFT_STANDARD_LIBRARIES = YES;
				CODE_SIGN_STYLE = Automatic;
				CURRENT_PROJECT_VERSION = 1;
				DEVELOPMENT_TEAM = 8MV3PNW544;
				GENERATE_INFOPLIST_FILE = YES;
				IPHONEOS_DEPLOYMENT_TARGET = 13.0;
				MARKETING_VERSION = 1.0;
				PRODUCT_BUNDLE_IDENTIFIER = com.mnobelsh.PharmaAppUITests;
				PRODUCT_NAME = "$(TARGET_NAME)";
				SWIFT_EMIT_LOC_STRINGS = NO;
				SWIFT_VERSION = 5.0;
				TARGETED_DEVICE_FAMILY = "1,2";
				TEST_TARGET_NAME = PharmaApp;
			};
			name = Production;
		};
/* End XCBuildConfiguration section */

/* Begin XCConfigurationList section */
		FFBF8F102AF94C380064D3BD /* Build configuration list for PBXProject "PharmaApp" */ = {
			isa = XCConfigurationList;
			buildConfigurations = (
				FFBF8F4F2AF950420064D3BD /* Staging */,
				FFBF8F4B2AF9503C0064D3BD /* Development */,
				FFBF8F532AF950470064D3BD /* Production */,
			);
			defaultConfigurationIsVisible = 0;
			defaultConfigurationName = Staging;
		};
		FFBF8F422AF94C3B0064D3BD /* Build configuration list for PBXNativeTarget "PharmaApp" */ = {
			isa = XCConfigurationList;
			buildConfigurations = (
				FFBF8F502AF950420064D3BD /* Staging */,
				FFBF8F4C2AF9503C0064D3BD /* Development */,
				FFBF8F542AF950470064D3BD /* Production */,
			);
			defaultConfigurationIsVisible = 0;
			defaultConfigurationName = Staging;
		};
		FFBF8F452AF94C3B0064D3BD /* Build configuration list for PBXNativeTarget "PharmaAppTests" */ = {
			isa = XCConfigurationList;
			buildConfigurations = (
				FFBF8F512AF950420064D3BD /* Staging */,
				FFBF8F4D2AF9503C0064D3BD /* Development */,
				FFBF8F552AF950470064D3BD /* Production */,
			);
			defaultConfigurationIsVisible = 0;
			defaultConfigurationName = Staging;
		};
		FFBF8F482AF94C3B0064D3BD /* Build configuration list for PBXNativeTarget "PharmaAppUITests" */ = {
			isa = XCConfigurationList;
			buildConfigurations = (
				FFBF8F522AF950420064D3BD /* Staging */,
				FFBF8F4E2AF9503C0064D3BD /* Development */,
				FFBF8F562AF950470064D3BD /* Production */,
			);
			defaultConfigurationIsVisible = 0;
			defaultConfigurationName = Staging;
		};
/* End XCConfigurationList section */

/* Begin XCVersionGroup section */
		FFBF8F212AF94C380064D3BD /* PharmaApp.xcdatamodeld */ = {
			isa = XCVersionGroup;
			children = (
				FFBF8F222AF94C380064D3BD /* PharmaApp.xcdatamodel */,
			);
			currentVersion = FFBF8F222AF94C380064D3BD /* PharmaApp.xcdatamodel */;
			path = PharmaApp.xcdatamodeld;
			sourceTree = "<group>";
			versionGroupType = wrapper.xcdatamodel;
		};
/* End XCVersionGroup section */
	};
	rootObject = FFBF8F0D2AF94C380064D3BD /* Project object */;
}
